
Microsoft Visual Studio Solution File, Format Version 12.00
# Visual Studio Version 16
VisualStudioVersion = 16.0.28803.202
MinimumVisualStudioVersion = 10.0.40219.1
Project("{FAE04EC0-301F-11D3-BF4B-00C04F79EFBC}") = "Gravitas.Model", "Gravitas.Model\Gravitas.Model.csproj", "{8A4EF9F5-FB46-4F7A-A659-4A6505174DB0}"
EndProject
Project("{FAE04EC0-301F-11D3-BF4B-00C04F79EFBC}") = "Gravitas.Core", "Gravitas.Core\Gravitas.Core.csproj", "{E05CA125-8FA1-4991-8093-9A9FB6338FE0}"
EndProject
Project("{FAE04EC0-301F-11D3-BF4B-00C04F79EFBC}") = "Gravitas.Platform.Web", "Gravitas.Platform.Web\Gravitas.Platform.Web.csproj", "{ED55A9C8-24BE-4647-9991-E12203E0A231}"
EndProject
Project("{2150E333-8FDC-42A3-9474-1A3956D46DE8}") = "00. Model", "00. Model", "{48F32AE7-4840-46DE-AF4C-1B3852FCE375}"
EndProject
Project("{2150E333-8FDC-42A3-9474-1A3956D46DE8}") = "03. Platform", "03. Platform", "{90A37E39-0649-4417-AADF-4599D338323A}"
EndProject
Project("{2150E333-8FDC-42A3-9474-1A3956D46DE8}") = "01. DAL", "01. DAL", "{CC021A7F-C594-4516-9E53-1E50EB78C3A1}"
EndProject
Project("{FAE04EC0-301F-11D3-BF4B-00C04F79EFBC}") = "Gravitas.DAL", "Gravitas.DAL\Gravitas.DAL.csproj", "{9CE72020-BC13-46EF-AA62-F1721324EBD9}"
EndProject
Project("{2150E333-8FDC-42A3-9474-1A3956D46DE8}") = "04. Web", "04. Web", "{5536CBA8-9E62-44D3-B856-CC0EB1D34F2B}"
EndProject
Project("{2150E333-8FDC-42A3-9474-1A3956D46DE8}") = "05. Services", "05. Services", "{5423B758-3FD8-484B-8D85-C180B62C620D}"
EndProject
Project("{FAE04EC0-301F-11D3-BF4B-00C04F79EFBC}") = "Gravitas.Infrastructure.Platform", "Gravitas.Infrastructure.Platform\Gravitas.Infrastructure.Platform.csproj", "{5DA83E62-B7D5-4ED9-9482-C38172DE9877}"
EndProject
Project("{2150E333-8FDC-42A3-9474-1A3956D46DE8}") = "02. Common", "02. Common", "{C45499ED-6873-4E60-BB80-340BFE023754}"
EndProject
Project("{FAE04EC0-301F-11D3-BF4B-00C04F79EFBC}") = "Gravitas.Infrastructure.Common", "Gravitas.Infrastrructure\Gravitas.Infrastructure.Common.csproj", "{D1A0C172-F6D1-4F6F-AE77-63D89E11EC63}"
EndProject
Project("{FAE04EC0-301F-11D3-BF4B-00C04F79EFBC}") = "Gravitas.Connect", "Gravitas.Connect\Gravitas.Connect.csproj", "{5901F025-22C7-4D1E-8856-BA2041D8763D}"
EndProject
Project("{2150E333-8FDC-42A3-9474-1A3956D46DE8}") = "Solution Items", "Solution Items", "{271C1CFA-04C9-46E1-B9A4-488E895A13C4}"
	ProjectSection(SolutionItems) = preProject
		App.config = App.config
		appSettings.config = appSettings.config
	EndProjectSection
EndProject
Project("{FAE04EC0-301F-11D3-BF4B-00C04F79EFBC}") = "Gravitas.CollisionCoordination", "Gravitas.CollisionCoordination\Gravitas.CollisionCoordination.csproj", "{EB7BC5D7-D759-4B68-B3F5-16AE3C1D830A}"
EndProject
Project("{FAE04EC0-301F-11D3-BF4B-00C04F79EFBC}") = "Gravitas.DeviceMonitor", "Gravitas.DeviceMonitor\Gravitas.DeviceMonitor.csproj", "{32F0BFEF-F66B-488B-BA63-D806EE6BAD34}"
EndProject
Global
	GlobalSection(SolutionConfigurationPlatforms) = preSolution
		Debug|Any CPU = Debug|Any CPU
		Debug|x64 = Debug|x64
		Debug|x86 = Debug|x86
		Release|Any CPU = Release|Any CPU
		Release|x64 = Release|x64
		Release|x86 = Release|x86
	EndGlobalSection
	GlobalSection(ProjectConfigurationPlatforms) = postSolution
		{8A4EF9F5-FB46-4F7A-A659-4A6505174DB0}.Debug|Any CPU.ActiveCfg = Debug|Any CPU
		{8A4EF9F5-FB46-4F7A-A659-4A6505174DB0}.Debug|Any CPU.Build.0 = Debug|Any CPU
		{8A4EF9F5-FB46-4F7A-A659-4A6505174DB0}.Debug|x64.ActiveCfg = Debug|Any CPU
		{8A4EF9F5-FB46-4F7A-A659-4A6505174DB0}.Debug|x64.Build.0 = Debug|Any CPU
		{8A4EF9F5-FB46-4F7A-A659-4A6505174DB0}.Debug|x86.ActiveCfg = Debug|Any CPU
		{8A4EF9F5-FB46-4F7A-A659-4A6505174DB0}.Debug|x86.Build.0 = Debug|Any CPU
		{8A4EF9F5-FB46-4F7A-A659-4A6505174DB0}.Release|Any CPU.ActiveCfg = Release|Any CPU
		{8A4EF9F5-FB46-4F7A-A659-4A6505174DB0}.Release|Any CPU.Build.0 = Release|Any CPU
		{8A4EF9F5-FB46-4F7A-A659-4A6505174DB0}.Release|Any CPU.Deploy.0 = Release|Any CPU
		{8A4EF9F5-FB46-4F7A-A659-4A6505174DB0}.Release|x64.ActiveCfg = Release|Any CPU
		{8A4EF9F5-FB46-4F7A-A659-4A6505174DB0}.Release|x64.Build.0 = Release|Any CPU
		{8A4EF9F5-FB46-4F7A-A659-4A6505174DB0}.Release|x86.ActiveCfg = Release|Any CPU
		{8A4EF9F5-FB46-4F7A-A659-4A6505174DB0}.Release|x86.Build.0 = Release|Any CPU
		{E05CA125-8FA1-4991-8093-9A9FB6338FE0}.Debug|Any CPU.ActiveCfg = Debug|Any CPU
		{E05CA125-8FA1-4991-8093-9A9FB6338FE0}.Debug|Any CPU.Build.0 = Debug|Any CPU
		{E05CA125-8FA1-4991-8093-9A9FB6338FE0}.Debug|x64.ActiveCfg = Debug|Any CPU
		{E05CA125-8FA1-4991-8093-9A9FB6338FE0}.Debug|x64.Build.0 = Debug|Any CPU
		{E05CA125-8FA1-4991-8093-9A9FB6338FE0}.Debug|x86.ActiveCfg = Debug|Any CPU
		{E05CA125-8FA1-4991-8093-9A9FB6338FE0}.Debug|x86.Build.0 = Debug|Any CPU
		{E05CA125-8FA1-4991-8093-9A9FB6338FE0}.Release|Any CPU.ActiveCfg = Release|Any CPU
		{E05CA125-8FA1-4991-8093-9A9FB6338FE0}.Release|Any CPU.Build.0 = Release|Any CPU
		{E05CA125-8FA1-4991-8093-9A9FB6338FE0}.Release|Any CPU.Deploy.0 = Release|Any CPU
		{E05CA125-8FA1-4991-8093-9A9FB6338FE0}.Release|x64.ActiveCfg = Release|Any CPU
		{E05CA125-8FA1-4991-8093-9A9FB6338FE0}.Release|x64.Build.0 = Release|Any CPU
		{E05CA125-8FA1-4991-8093-9A9FB6338FE0}.Release|x86.ActiveCfg = Release|Any CPU
		{E05CA125-8FA1-4991-8093-9A9FB6338FE0}.Release|x86.Build.0 = Release|Any CPU
		{ED55A9C8-24BE-4647-9991-E12203E0A231}.Debug|Any CPU.ActiveCfg = DebugProdDb|Any CPU
		{ED55A9C8-24BE-4647-9991-E12203E0A231}.Debug|Any CPU.Build.0 = DebugProdDb|Any CPU
		{ED55A9C8-24BE-4647-9991-E12203E0A231}.Debug|x64.ActiveCfg = DebugProdDb|Any CPU
		{ED55A9C8-24BE-4647-9991-E12203E0A231}.Debug|x64.Build.0 = DebugProdDb|Any CPU
		{ED55A9C8-24BE-4647-9991-E12203E0A231}.Debug|x86.ActiveCfg = DebugProdDb|Any CPU
		{ED55A9C8-24BE-4647-9991-E12203E0A231}.Debug|x86.Build.0 = DebugProdDb|Any CPU
		{ED55A9C8-24BE-4647-9991-E12203E0A231}.Release|Any CPU.ActiveCfg = ReleaseProdDb|Any CPU
		{ED55A9C8-24BE-4647-9991-E12203E0A231}.Release|Any CPU.Build.0 = ReleaseProdDb|Any CPU
		{ED55A9C8-24BE-4647-9991-E12203E0A231}.Release|Any CPU.Deploy.0 = ReleaseProdDb|Any CPU
		{ED55A9C8-24BE-4647-9991-E12203E0A231}.Release|x64.ActiveCfg = ReleaseProdDb|Any CPU
		{ED55A9C8-24BE-4647-9991-E12203E0A231}.Release|x64.Build.0 = ReleaseProdDb|Any CPU
		{ED55A9C8-24BE-4647-9991-E12203E0A231}.Release|x86.ActiveCfg = ReleaseProdDb|Any CPU
		{ED55A9C8-24BE-4647-9991-E12203E0A231}.Release|x86.Build.0 = ReleaseProdDb|Any CPU
		{9CE72020-BC13-46EF-AA62-F1721324EBD9}.Debug|Any CPU.ActiveCfg = Debug|Any CPU
		{9CE72020-BC13-46EF-AA62-F1721324EBD9}.Debug|Any CPU.Build.0 = Debug|Any CPU
		{9CE72020-BC13-46EF-AA62-F1721324EBD9}.Debug|x64.ActiveCfg = Debug|Any CPU
		{9CE72020-BC13-46EF-AA62-F1721324EBD9}.Debug|x64.Build.0 = Debug|Any CPU
		{9CE72020-BC13-46EF-AA62-F1721324EBD9}.Debug|x86.ActiveCfg = Debug|Any CPU
		{9CE72020-BC13-46EF-AA62-F1721324EBD9}.Debug|x86.Build.0 = Debug|Any CPU
		{9CE72020-BC13-46EF-AA62-F1721324EBD9}.Release|Any CPU.ActiveCfg = Release|Any CPU
		{9CE72020-BC13-46EF-AA62-F1721324EBD9}.Release|Any CPU.Build.0 = Release|Any CPU
		{9CE72020-BC13-46EF-AA62-F1721324EBD9}.Release|Any CPU.Deploy.0 = Release|Any CPU
		{9CE72020-BC13-46EF-AA62-F1721324EBD9}.Release|x64.ActiveCfg = Release|Any CPU
		{9CE72020-BC13-46EF-AA62-F1721324EBD9}.Release|x64.Build.0 = Release|Any CPU
		{9CE72020-BC13-46EF-AA62-F1721324EBD9}.Release|x86.ActiveCfg = Release|Any CPU
		{9CE72020-BC13-46EF-AA62-F1721324EBD9}.Release|x86.Build.0 = Release|Any CPU
		{5DA83E62-B7D5-4ED9-9482-C38172DE9877}.Debug|Any CPU.ActiveCfg = Debug|Any CPU
		{5DA83E62-B7D5-4ED9-9482-C38172DE9877}.Debug|Any CPU.Build.0 = Debug|Any CPU
		{5DA83E62-B7D5-4ED9-9482-C38172DE9877}.Debug|x64.ActiveCfg = Debug|Any CPU
		{5DA83E62-B7D5-4ED9-9482-C38172DE9877}.Debug|x64.Build.0 = Debug|Any CPU
		{5DA83E62-B7D5-4ED9-9482-C38172DE9877}.Debug|x86.ActiveCfg = Debug|Any CPU
		{5DA83E62-B7D5-4ED9-9482-C38172DE9877}.Debug|x86.Build.0 = Debug|Any CPU
		{5DA83E62-B7D5-4ED9-9482-C38172DE9877}.Release|Any CPU.ActiveCfg = Release|Any CPU
		{5DA83E62-B7D5-4ED9-9482-C38172DE9877}.Release|Any CPU.Build.0 = Release|Any CPU
		{5DA83E62-B7D5-4ED9-9482-C38172DE9877}.Release|Any CPU.Deploy.0 = Release|Any CPU
		{5DA83E62-B7D5-4ED9-9482-C38172DE9877}.Release|x64.ActiveCfg = Release|Any CPU
		{5DA83E62-B7D5-4ED9-9482-C38172DE9877}.Release|x64.Build.0 = Release|Any CPU
		{5DA83E62-B7D5-4ED9-9482-C38172DE9877}.Release|x86.ActiveCfg = Release|Any CPU
		{5DA83E62-B7D5-4ED9-9482-C38172DE9877}.Release|x86.Build.0 = Release|Any CPU
		{D1A0C172-F6D1-4F6F-AE77-63D89E11EC63}.Debug|Any CPU.ActiveCfg = Debug|Any CPU
		{D1A0C172-F6D1-4F6F-AE77-63D89E11EC63}.Debug|Any CPU.Build.0 = Debug|Any CPU
		{D1A0C172-F6D1-4F6F-AE77-63D89E11EC63}.Debug|x64.ActiveCfg = Debug|Any CPU
		{D1A0C172-F6D1-4F6F-AE77-63D89E11EC63}.Debug|x64.Build.0 = Debug|Any CPU
		{D1A0C172-F6D1-4F6F-AE77-63D89E11EC63}.Debug|x86.ActiveCfg = Debug|Any CPU
		{D1A0C172-F6D1-4F6F-AE77-63D89E11EC63}.Debug|x86.Build.0 = Debug|Any CPU
		{D1A0C172-F6D1-4F6F-AE77-63D89E11EC63}.Release|Any CPU.ActiveCfg = Release|Any CPU
		{D1A0C172-F6D1-4F6F-AE77-63D89E11EC63}.Release|Any CPU.Build.0 = Release|Any CPU
		{D1A0C172-F6D1-4F6F-AE77-63D89E11EC63}.Release|Any CPU.Deploy.0 = Release|Any CPU
		{D1A0C172-F6D1-4F6F-AE77-63D89E11EC63}.Release|x64.ActiveCfg = Release|Any CPU
		{D1A0C172-F6D1-4F6F-AE77-63D89E11EC63}.Release|x64.Build.0 = Release|Any CPU
		{D1A0C172-F6D1-4F6F-AE77-63D89E11EC63}.Release|x86.ActiveCfg = Release|Any CPU
		{D1A0C172-F6D1-4F6F-AE77-63D89E11EC63}.Release|x86.Build.0 = Release|Any CPU
		{5901F025-22C7-4D1E-8856-BA2041D8763D}.Debug|Any CPU.ActiveCfg = Debug|Any CPU
		{5901F025-22C7-4D1E-8856-BA2041D8763D}.Debug|Any CPU.Build.0 = Debug|Any CPU
		{5901F025-22C7-4D1E-8856-BA2041D8763D}.Debug|x64.ActiveCfg = Debug|Any CPU
		{5901F025-22C7-4D1E-8856-BA2041D8763D}.Debug|x64.Build.0 = Debug|Any CPU
		{5901F025-22C7-4D1E-8856-BA2041D8763D}.Debug|x86.ActiveCfg = Debug|Any CPU
		{5901F025-22C7-4D1E-8856-BA2041D8763D}.Debug|x86.Build.0 = Debug|Any CPU
		{5901F025-22C7-4D1E-8856-BA2041D8763D}.Release|Any CPU.ActiveCfg = Release|Any CPU
		{5901F025-22C7-4D1E-8856-BA2041D8763D}.Release|Any CPU.Build.0 = Release|Any CPU
		{5901F025-22C7-4D1E-8856-BA2041D8763D}.Release|Any CPU.Deploy.0 = Release|Any CPU
		{5901F025-22C7-4D1E-8856-BA2041D8763D}.Release|x64.ActiveCfg = Release|Any CPU
		{5901F025-22C7-4D1E-8856-BA2041D8763D}.Release|x64.Build.0 = Release|Any CPU
		{5901F025-22C7-4D1E-8856-BA2041D8763D}.Release|x86.ActiveCfg = Release|Any CPU
		{5901F025-22C7-4D1E-8856-BA2041D8763D}.Release|x86.Build.0 = Release|Any CPU
		{EB7BC5D7-D759-4B68-B3F5-16AE3C1D830A}.Debug|Any CPU.ActiveCfg = Debug|Any CPU
		{EB7BC5D7-D759-4B68-B3F5-16AE3C1D830A}.Debug|Any CPU.Build.0 = Debug|Any CPU
		{EB7BC5D7-D759-4B68-B3F5-16AE3C1D830A}.Debug|x64.ActiveCfg = Debug|Any CPU
		{EB7BC5D7-D759-4B68-B3F5-16AE3C1D830A}.Debug|x64.Build.0 = Debug|Any CPU
		{EB7BC5D7-D759-4B68-B3F5-16AE3C1D830A}.Debug|x86.ActiveCfg = Debug|Any CPU
		{EB7BC5D7-D759-4B68-B3F5-16AE3C1D830A}.Debug|x86.Build.0 = Debug|Any CPU
		{EB7BC5D7-D759-4B68-B3F5-16AE3C1D830A}.Release|Any CPU.ActiveCfg = Release|Any CPU
		{EB7BC5D7-D759-4B68-B3F5-16AE3C1D830A}.Release|Any CPU.Build.0 = Release|Any CPU
		{EB7BC5D7-D759-4B68-B3F5-16AE3C1D830A}.Release|Any CPU.Deploy.0 = Release|Any CPU
		{EB7BC5D7-D759-4B68-B3F5-16AE3C1D830A}.Release|x64.ActiveCfg = Release|Any CPU
		{EB7BC5D7-D759-4B68-B3F5-16AE3C1D830A}.Release|x64.Build.0 = Release|Any CPU
		{EB7BC5D7-D759-4B68-B3F5-16AE3C1D830A}.Release|x86.ActiveCfg = Release|Any CPU
		{EB7BC5D7-D759-4B68-B3F5-16AE3C1D830A}.Release|x86.Build.0 = Release|Any CPU
		{32F0BFEF-F66B-488B-BA63-D806EE6BAD34}.Debug|Any CPU.ActiveCfg = Debug|Any CPU
		{32F0BFEF-F66B-488B-BA63-D806EE6BAD34}.Debug|Any CPU.Build.0 = Debug|Any CPU
		{32F0BFEF-F66B-488B-BA63-D806EE6BAD34}.Debug|x64.ActiveCfg = Debug|Any CPU
		{32F0BFEF-F66B-488B-BA63-D806EE6BAD34}.Debug|x64.Build.0 = Debug|Any CPU
		{32F0BFEF-F66B-488B-BA63-D806EE6BAD34}.Debug|x86.ActiveCfg = Debug|Any CPU
		{32F0BFEF-F66B-488B-BA63-D806EE6BAD34}.Debug|x86.Build.0 = Debug|Any CPU
		{32F0BFEF-F66B-488B-BA63-D806EE6BAD34}.Release|Any CPU.ActiveCfg = Release|Any CPU
		{32F0BFEF-F66B-488B-BA63-D806EE6BAD34}.Release|Any CPU.Build.0 = Release|Any CPU
		{32F0BFEF-F66B-488B-BA63-D806EE6BAD34}.Release|Any CPU.Deploy.0 = Release|Any CPU
		{32F0BFEF-F66B-488B-BA63-D806EE6BAD34}.Release|x64.ActiveCfg = Release|Any CPU
		{32F0BFEF-F66B-488B-BA63-D806EE6BAD34}.Release|x64.Build.0 = Release|Any CPU
		{32F0BFEF-F66B-488B-BA63-D806EE6BAD34}.Release|x86.ActiveCfg = Release|Any CPU
		{32F0BFEF-F66B-488B-BA63-D806EE6BAD34}.Release|x86.Build.0 = Release|Any CPU
	EndGlobalSection
	GlobalSection(SolutionProperties) = preSolution
		HideSolutionNode = FALSE
	EndGlobalSection
	GlobalSection(NestedProjects) = preSolution
		{8A4EF9F5-FB46-4F7A-A659-4A6505174DB0} = {48F32AE7-4840-46DE-AF4C-1B3852FCE375}
		{E05CA125-8FA1-4991-8093-9A9FB6338FE0} = {5423B758-3FD8-484B-8D85-C180B62C620D}
		{ED55A9C8-24BE-4647-9991-E12203E0A231} = {5536CBA8-9E62-44D3-B856-CC0EB1D34F2B}
		{9CE72020-BC13-46EF-AA62-F1721324EBD9} = {CC021A7F-C594-4516-9E53-1E50EB78C3A1}
		{5DA83E62-B7D5-4ED9-9482-C38172DE9877} = {90A37E39-0649-4417-AADF-4599D338323A}
		{D1A0C172-F6D1-4F6F-AE77-63D89E11EC63} = {C45499ED-6873-4E60-BB80-340BFE023754}
		{5901F025-22C7-4D1E-8856-BA2041D8763D} = {5423B758-3FD8-484B-8D85-C180B62C620D}
		{EB7BC5D7-D759-4B68-B3F5-16AE3C1D830A} = {5536CBA8-9E62-44D3-B856-CC0EB1D34F2B}
		{32F0BFEF-F66B-488B-BA63-D806EE6BAD34} = {5423B758-3FD8-484B-8D85-C180B62C620D}
	EndGlobalSection
	GlobalSection(ExtensibilityGlobals) = postSolution
		SolutionGuid = {22C55B3A-0EF8-45C5-B06C-249E71E44C67}
	EndGlobalSection
EndGlobal
